
Microsoft Visual Studio Solution File, Format Version 12.00
# Visual Studio 15
VisualStudioVersion = 15.0.27004.2005
MinimumVisualStudioVersion = 10.0.40219.1
Project("{FAE04EC0-301F-11D3-BF4B-00C04F79EFBC}") = "CoelhoRapido_WebAPI", "CoelhoRapido_WebAPI\CoelhoRapido_WebAPI.csproj", "{382167A9-1FE0-4966-A9DA-87554032CCA6}"
EndProject
Project("{FAE04EC0-301F-11D3-BF4B-00C04F79EFBC}") = "CoelhoRapido.Model", "WebApplication1\CoelhoRapido.Model.csproj", "{80B03076-E4F4-4467-BE6F-95F7CC853734}"
EndProject
Global
	GlobalSection(SolutionConfigurationPlatforms) = preSolution
		Debug|Any CPU = Debug|Any CPU
		Release|Any CPU = Release|Any CPU
	EndGlobalSection
	GlobalSection(ProjectConfigurationPlatforms) = postSolution
		{382167A9-1FE0-4966-A9DA-87554032CCA6}.Debug|Any CPU.ActiveCfg = Debug|Any CPU
		{382167A9-1FE0-4966-A9DA-87554032CCA6}.Debug|Any CPU.Build.0 = Debug|Any CPU
		{382167A9-1FE0-4966-A9DA-87554032CCA6}.Release|Any CPU.ActiveCfg = Release|Any CPU
		{382167A9-1FE0-4966-A9DA-87554032CCA6}.Release|Any CPU.Build.0 = Release|Any CPU
		{80B03076-E4F4-4467-BE6F-95F7CC853734}.Debug|Any CPU.ActiveCfg = Debug|Any CPU
		{80B03076-E4F4-4467-BE6F-95F7CC853734}.Debug|Any CPU.Build.0 = Debug|Any CPU
		{80B03076-E4F4-4467-BE6F-95F7CC853734}.Release|Any CPU.ActiveCfg = Release|Any CPU
		{80B03076-E4F4-4467-BE6F-95F7CC853734}.Release|Any CPU.Build.0 = Release|Any CPU
	EndGlobalSection
	GlobalSection(SolutionProperties) = preSolution
		HideSolutionNode = FALSE
	EndGlobalSection
	GlobalSection(ExtensibilityGlobals) = postSolution
		SolutionGuid = {BCF2AABC-5321-47D6-B742-7845788AE476}
	EndGlobalSection
EndGlobal
